
Microsoft Visual Studio Solution File, Format Version 12.00
# Visual Studio Version 17
VisualStudioVersion = 17.11.35222.181
MinimumVisualStudioVersion = 10.0.40219.1
Project("{FAE04EC0-301F-11D3-BF4B-00C04F79EFBC}") = "QuanLyBanHang", "QuanLyBanHang\QuanLyBanHang.csproj", "{E7B1C820-4BB1-4D5E-82DC-5AEDC2F4D8A5}"
EndProject
Project("{FAE04EC0-301F-11D3-BF4B-00C04F79EFBC}") = "Model", "Model\Model.csproj", "{08D6D811-0DBE-4C2B-A787-F6DF431C299F}"
EndProject
Global
	GlobalSection(SolutionConfigurationPlatforms) = preSolution
		Debug|Any CPU = Debug|Any CPU
		Release|Any CPU = Release|Any CPU
	EndGlobalSection
	GlobalSection(ProjectConfigurationPlatforms) = postSolution
		{E7B1C820-4BB1-4D5E-82DC-5AEDC2F4D8A5}.Debug|Any CPU.ActiveCfg = Debug|Any CPU
		{E7B1C820-4BB1-4D5E-82DC-5AEDC2F4D8A5}.Debug|Any CPU.Build.0 = Debug|Any CPU
		{E7B1C820-4BB1-4D5E-82DC-5AEDC2F4D8A5}.Release|Any CPU.ActiveCfg = Release|Any CPU
		{E7B1C820-4BB1-4D5E-82DC-5AEDC2F4D8A5}.Release|Any CPU.Build.0 = Release|Any CPU
		{08D6D811-0DBE-4C2B-A787-F6DF431C299F}.Debug|Any CPU.ActiveCfg = Debug|Any CPU
		{08D6D811-0DBE-4C2B-A787-F6DF431C299F}.Debug|Any CPU.Build.0 = Debug|Any CPU
		{08D6D811-0DBE-4C2B-A787-F6DF431C299F}.Release|Any CPU.ActiveCfg = Release|Any CPU
		{08D6D811-0DBE-4C2B-A787-F6DF431C299F}.Release|Any CPU.Build.0 = Release|Any CPU
	EndGlobalSection
	GlobalSection(SolutionProperties) = preSolution
		HideSolutionNode = FALSE
	EndGlobalSection
	GlobalSection(ExtensibilityGlobals) = postSolution
		SolutionGuid = {F97A86AD-5DCD-4500-9862-A1FF5BABA336}
	EndGlobalSection
EndGlobal
