
Microsoft Visual Studio Solution File, Format Version 12.00
# Visual Studio Version 17
VisualStudioVersion = 17.11.35222.181
MinimumVisualStudioVersion = 10.0.40219.1
Project("{FAE04EC0-301F-11D3-BF4B-00C04F79EFBC}") = "NortwindTradersManagerment", "NortwindTradersManagerment\NortwindTradersManagerment.csproj", "{74D3318F-E59E-469D-877A-B50CA199024D}"
EndProject
Project("{FAE04EC0-301F-11D3-BF4B-00C04F79EFBC}") = "Model", "model\Model.csproj", "{957AAD38-CECB-4173-9F98-7247749D889F}"
EndProject
Global
	GlobalSection(SolutionConfigurationPlatforms) = preSolution
		Debug|Any CPU = Debug|Any CPU
		Release|Any CPU = Release|Any CPU
	EndGlobalSection
	GlobalSection(ProjectConfigurationPlatforms) = postSolution
		{74D3318F-E59E-469D-877A-B50CA199024D}.Debug|Any CPU.ActiveCfg = Debug|Any CPU
		{74D3318F-E59E-469D-877A-B50CA199024D}.Debug|Any CPU.Build.0 = Debug|Any CPU
		{74D3318F-E59E-469D-877A-B50CA199024D}.Release|Any CPU.ActiveCfg = Release|Any CPU
		{74D3318F-E59E-469D-877A-B50CA199024D}.Release|Any CPU.Build.0 = Release|Any CPU
		{957AAD38-CECB-4173-9F98-7247749D889F}.Debug|Any CPU.ActiveCfg = Debug|Any CPU
		{957AAD38-CECB-4173-9F98-7247749D889F}.Debug|Any CPU.Build.0 = Debug|Any CPU
		{957AAD38-CECB-4173-9F98-7247749D889F}.Release|Any CPU.ActiveCfg = Release|Any CPU
		{957AAD38-CECB-4173-9F98-7247749D889F}.Release|Any CPU.Build.0 = Release|Any CPU
	EndGlobalSection
	GlobalSection(SolutionProperties) = preSolution
		HideSolutionNode = FALSE
	EndGlobalSection
	GlobalSection(ExtensibilityGlobals) = postSolution
		SolutionGuid = {83E82743-F47C-48BF-B2EA-93E32C90C17A}
	EndGlobalSection
EndGlobal
